GEM
  remote: https://rubygems.org/
  specs:
    csv (3.3.5)
    diff-lcs (1.6.2)
    libgd-gis (0.2.6)
      ruby-libgd (~> 0.2.1, >= 0.2.1)
    rspec (3.13.2)
      rspec-core (~> 3.13.0)
      rspec-expectations (~> 3.13.0)
      rspec-mocks (~> 3.13.0)
    rspec-core (3.13.6)
      rspec-support (~> 3.13.0)
    rspec-expectations (3.13.5)
      diff-lcs (>= 1.2.0, < 2.0)
      rspec-support (~> 3.13.0)
    rspec-mocks (3.13.7)
      diff-lcs (>= 1.2.0, < 2.0)
      rspec-support (~> 3.13.0)
    rspec-support (3.13.6)
    ruby-libgd (0.2.3)

PLATFORMS
  ruby
  x86_64-linux

DEPENDENCIES
  csv
  libgd-gis
  rspec

CHECKSUMS
  csv (3.3.5) sha256=6e5134ac3383ef728b7f02725d9872934f523cb40b961479f69cf3afa6c8e73f
  diff-lcs (1.6.2) sha256=9ae0d2cba7d4df3075fe8cd8602a8604993efc0dfa934cff568969efb1909962
  libgd-gis (0.2.6) sha256=fe5b2748ed4a2293ccc0c12a6be4d69376d114c39df9a8507087babe8ed69b08
  rspec (3.13.2) sha256=206284a08ad798e61f86d7ca3e376718d52c0bc944626b2349266f239f820587
  rspec-core (3.13.6) sha256=a8823c6411667b60a8bca135364351dda34cd55e44ff94c4be4633b37d828b2d
  rspec-expectations (3.13.5) sha256=33a4d3a1d95060aea4c94e9f237030a8f9eae5615e9bd85718fe3a09e4b58836
  rspec-mocks (3.13.7) sha256=0979034e64b1d7a838aaaddf12bf065ea4dc40ef3d4c39f01f93ae2c66c62b1c
  rspec-support (3.13.6) sha256=2e8de3702427eab064c9352fe74488cc12a1bfae887ad8b91cba480ec9f8afb2
  ruby-libgd (0.2.3) sha256=9ddf757d1abcc5d44166e30b3204b95579f561e2ed4f366ef2c5ffa6cc669c50

BUNDLED WITH
  4.0.4
